
Microsoft Visual Studio Solution File, Format Version 12.00
# Visual Studio 15
Project("{FAE04EC0-301F-11D3-BF4B-00C04F79EFBC}") = "Assembly-CSharp", "Assembly-CSharp.csproj", "{B0A28BD2-BB28-A16B-0EF7-63EE99409CCD}"
EndProject
Global
	GlobalSection(SolutionConfigurationPlatforms) = preSolution
		Debug|Any CPU = Debug|Any CPU
		Release|Any CPU = Release|Any CPU
	EndGlobalSection
	GlobalSection(ProjectConfigurationPlatforms) = postSolution
		{B0A28BD2-BB28-A16B-0EF7-63EE99409CCD}.Debug|Any CPU.ActiveCfg = Debug|Any CPU
		{B0A28BD2-BB28-A16B-0EF7-63EE99409CCD}.Debug|Any CPU.Build.0 = Debug|Any CPU
		{B0A28BD2-BB28-A16B-0EF7-63EE99409CCD}.Release|Any CPU.ActiveCfg = Release|Any CPU
		{B0A28BD2-BB28-A16B-0EF7-63EE99409CCD}.Release|Any CPU.Build.0 = Release|Any CPU
	EndGlobalSection
	GlobalSection(SolutionProperties) = preSolution
		HideSolutionNode = FALSE
	EndGlobalSection
EndGlobal
